// !$*UTF8*$!
{
	archiveVersion = 1;
	classes = {
	};
	objectVersion = 50;
	objects = {

/* Begin PBXBuildFile section */
		0B0EC9CB2769293300698173 /* SimpleKataApp.swift in Sources */ = {isa = PBXBuildFile; fileRef = 0B0EC9CA2769293300698173 /* SimpleKataApp.swift */; };
		0B0EC9CD276929A000698173 /* SimpleKataView.swift in Sources */ = {isa = PBXBuildFile; fileRef = 0B0EC9CC276929A000698173 /* SimpleKataView.swift */; };
		0B0EC9CF27692A6F00698173 /* SimpleKataViewController.swift in Sources */ = {isa = PBXBuildFile; fileRef = 0B0EC9CE27692A6F00698173 /* SimpleKataViewController.swift */; };
		0B0EC9D127692AD100698173 /* README.md in Resources */ = {isa = PBXBuildFile; fileRef = 0B0EC9D027692AD100698173 /* README.md */; };
		48F09CBE24C0C9B800200966 /* Assets.xcassets in Resources */ = {isa = PBXBuildFile; fileRef = 48F09CBD24C0C9B800200966 /* Assets.xcassets */; };
		48F09CCE24C0C9B800200966 /* SimpleKataTests.m in Sources */ = {isa = PBXBuildFile; fileRef = 48F09CCD24C0C9B800200966 /* SimpleKataTests.m */; };
		48F09CD924C0C9B800200966 /* SimpleKataUITests.m in Sources */ = {isa = PBXBuildFile; fileRef = 48F09CD824C0C9B800200966 /* SimpleKataUITests.m */; };
/* End PBXBuildFile section */

/* Begin PBXContainerItemProxy section */
		48F09CCA24C0C9B800200966 /* PBXContainerItemProxy */ = {
			isa = PBXContainerItemProxy;
			containerPortal = 48F09CA624C0C9B700200966 /* Project object */;
			proxyType = 1;
			remoteGlobalIDString = 48F09CAD24C0C9B700200966;
			remoteInfo = SimpleKata;
		};
		48F09CD524C0C9B800200966 /* PBXContainerItemProxy */ = {
			isa = PBXContainerItemProxy;
			containerPortal = 48F09CA624C0C9B700200966 /* Project object */;
			proxyType = 1;
			remoteGlobalIDString = 48F09CAD24C0C9B700200966;
			remoteInfo = SimpleKata;
		};
/* End PBXContainerItemProxy section */

/* Begin PBXFileReference section */
		0B0EC9CA2769293300698173 /* SimpleKataApp.swift */ = {isa = PBXFileReference; lastKnownFileType = sourcecode.swift; path = SimpleKataApp.swift; sourceTree = "<group>"; };
		0B0EC9CC276929A000698173 /* SimpleKataView.swift */ = {isa = PBXFileReference; lastKnownFileType = sourcecode.swift; path = SimpleKataView.swift; sourceTree = "<group>"; };
		0B0EC9CE27692A6F00698173 /* SimpleKataViewController.swift */ = {isa = PBXFileReference; lastKnownFileType = sourcecode.swift; path = SimpleKataViewController.swift; sourceTree = "<group>"; };
		0B0EC9D027692AD100698173 /* README.md */ = {isa = PBXFileReference; fileEncoding = 4; lastKnownFileType = net.daringfireball.markdown; name = README.md; path = ../../README.md; sourceTree = "<group>"; };
		48F09CAE24C0C9B700200966 /* SimpleKata.app */ = {isa = PBXFileReference; explicitFileType = wrapper.application; includeInIndex = 0; path = SimpleKata.app; sourceTree = BUILT_PRODUCTS_DIR; };
		48F09CBD24C0C9B800200966 /* Assets.xcassets */ = {isa = PBXFileReference; lastKnownFileType = folder.assetcatalog; path = Assets.xcassets; sourceTree = "<group>"; };
		48F09CC224C0C9B800200966 /* Info.plist */ = {isa = PBXFileReference; lastKnownFileType = text.plist.xml; path = Info.plist; sourceTree = "<group>"; };
		48F09CC924C0C9B800200966 /* SimpleKataTests.xctest */ = {isa = PBXFileReference; explicitFileType = wrapper.cfbundle; includeInIndex = 0; path = SimpleKataTests.xctest; sourceTree = BUILT_PRODUCTS_DIR; };
		48F09CCD24C0C9B800200966 /* SimpleKataTests.m */ = {isa = PBXFileReference; lastKnownFileType = sourcecode.c.objc; path = SimpleKataTests.m; sourceTree = "<group>"; };
		48F09CCF24C0C9B800200966 /* Info.plist */ = {isa = PBXFileReference; lastKnownFileType = text.plist.xml; path = Info.plist; sourceTree = "<group>"; };
		48F09CD424C0C9B800200966 /* SimpleKataUITests.xctest */ = {isa = PBXFileReference; explicitFileType = wrapper.cfbundle; includeInIndex = 0; path = SimpleKataUITests.xctest; sourceTree = BUILT_PRODUCTS_DIR; };
		48F09CD824C0C9B800200966 /* SimpleKataUITests.m */ = {isa = PBXFileReference; lastKnownFileType = sourcecode.c.objc; path = SimpleKataUITests.m; sourceTree = "<group>"; };
		48F09CDA24C0C9B800200966 /* Info.plist */ = {isa = PBXFileReference; lastKnownFileType = text.plist.xml; path = Info.plist; sourceTree = "<group>"; };
/* End PBXFileReference section */

/* Begin PBXFrameworksBuildPhase section */
		48F09CAB24C0C9B700200966 /* Frameworks */ = {
			isa = PBXFrameworksBuildPhase;
			buildActionMask = 2147483647;
			files = (
			);
			runOnlyForDeploymentPostprocessing = 0;
		};
		48F09CC624C0C9B800200966 /* Frameworks */ = {
			isa = PBXFrameworksBuildPhase;
			buildActionMask = 2147483647;
			files = (
			);
			runOnlyForDeploymentPostprocessing = 0;
		};
		48F09CD124C0C9B800200966 /* Frameworks */ = {
			isa = PBXFrameworksBuildPhase;
			buildActionMask = 2147483647;
			files = (
			);
			runOnlyForDeploymentPostprocessing = 0;
		};
/* End PBXFrameworksBuildPhase section */

/* Begin PBXGroup section */
		48F09CA524C0C9B700200966 = {
			isa = PBXGroup;
			children = (
				48F09CB024C0C9B700200966 /* SimpleKata */,
				48F09CCC24C0C9B800200966 /* SimpleKataTests */,
				48F09CD724C0C9B800200966 /* SimpleKataUITests */,
				48F09CAF24C0C9B700200966 /* Products */,
			);
			sourceTree = "<group>";
		};
		48F09CAF24C0C9B700200966 /* Products */ = {
			isa = PBXGroup;
			children = (
				48F09CAE24C0C9B700200966 /* SimpleKata.app */,
				48F09CC924C0C9B800200966 /* SimpleKataTests.xctest */,
				48F09CD424C0C9B800200966 /* SimpleKataUITests.xctest */,
			);
			name = Products;
			sourceTree = "<group>";
		};
		48F09CB024C0C9B700200966 /* SimpleKata */ = {
			isa = PBXGroup;
			children = (
				0B0EC9D027692AD100698173 /* README.md */,
				48F09CBD24C0C9B800200966 /* Assets.xcassets */,
				48F09CC224C0C9B800200966 /* Info.plist */,
				0B0EC9CA2769293300698173 /* SimpleKataApp.swift */,
				0B0EC9CC276929A000698173 /* SimpleKataView.swift */,
				0B0EC9CE27692A6F00698173 /* SimpleKataViewController.swift */,
			);
			path = SimpleKata;
			sourceTree = "<group>";
		};
		48F09CCC24C0C9B800200966 /* SimpleKataTests */ = {
			isa = PBXGroup;
			children = (
				48F09CCD24C0C9B800200966 /* SimpleKataTests.m */,
				48F09CCF24C0C9B800200966 /* Info.plist */,
			);
			path = SimpleKataTests;
			sourceTree = "<group>";
		};
		48F09CD724C0C9B800200966 /* SimpleKataUITests */ = {
			isa = PBXGroup;
			children = (
				48F09CD824C0C9B800200966 /* SimpleKataUITests.m */,
				48F09CDA24C0C9B800200966 /* Info.plist */,
			);
			path = SimpleKataUITests;
			sourceTree = "<group>";
		};
/* End PBXGroup section */

/* Begin PBXNativeTarget section */
		48F09CAD24C0C9B700200966 /* SimpleKata */ = {
			isa = PBXNativeTarget;
			buildConfigurationList = 48F09CDD24C0C9B800200966 /* Build configuration list for PBXNativeTarget "SimpleKata" */;
			buildPhases = (
				48F09CAA24C0C9B700200966 /* Sources */,
				48F09CAB24C0C9B700200966 /* Frameworks */,
				48F09CAC24C0C9B700200966 /* Resources */,
			);
			buildRules = (
			);
			dependencies = (
			);
			name = SimpleKata;
			productName = SimpleKata;
			productReference = 48F09CAE24C0C9B700200966 /* SimpleKata.app */;
			productType = "com.apple.product-type.application";
		};
		48F09CC824C0C9B800200966 /* SimpleKataTests */ = {
			isa = PBXNativeTarget;
			buildConfigurationList = 48F09CE024C0C9B800200966 /* Build configuration list for PBXNativeTarget "SimpleKataTests" */;
			buildPhases = (
				48F09CC524C0C9B800200966 /* Sources */,
				48F09CC624C0C9B800200966 /* Frameworks */,
				48F09CC724C0C9B800200966 /* Resources */,
			);
			buildRules = (
			);
			dependencies = (
				48F09CCB24C0C9B800200966 /* PBXTargetDependency */,
			);
			name = SimpleKataTests;
			productName = SimpleKataTests;
			productReference = 48F09CC924C0C9B800200966 /* SimpleKataTests.xctest */;
			productType = "com.apple.product-type.bundle.unit-test";
		};
		48F09CD324C0C9B800200966 /* SimpleKataUITests */ = {
			isa = PBXNativeTarget;
			buildConfigurationList = 48F09CE324C0C9B800200966 /* Build configuration list for PBXNativeTarget "SimpleKataUITests" */;
			buildPhases = (
				48F09CD024C0C9B800200966 /* Sources */,
				48F09CD124C0C9B800200966 /* Frameworks */,
				48F09CD224C0C9B800200966 /* Resources */,
			);
			buildRules = (
			);
			dependencies = (
				48F09CD624C0C9B800200966 /* PBXTargetDependency */,
			);
			name = SimpleKataUITests;
			productName = SimpleKataUITests;
			productReference = 48F09CD424C0C9B800200966 /* SimpleKataUITests.xctest */;
			productType = "com.apple.product-type.bundle.ui-testing";
		};
/* End PBXNativeTarget section */

/* Begin PBXProject section */
		48F09CA624C0C9B700200966 /* Project object */ = {
			isa = PBXProject;
			attributes = {
				LastUpgradeCheck = 1160;
				ORGANIZATIONNAME = zschro;
				TargetAttributes = {
					48F09CAD24C0C9B700200966 = {
						CreatedOnToolsVersion = 11.6;
						LastSwiftMigration = 1250;
					};
					48F09CC824C0C9B800200966 = {
						CreatedOnToolsVersion = 11.6;
						TestTargetID = 48F09CAD24C0C9B700200966;
					};
					48F09CD324C0C9B800200966 = {
						CreatedOnToolsVersion = 11.6;
						TestTargetID = 48F09CAD24C0C9B700200966;
					};
				};
			};
			buildConfigurationList = 48F09CA924C0C9B700200966 /* Build configuration list for PBXProject "SimpleKata" */;
			compatibilityVersion = "Xcode 9.3";
			developmentRegion = en;
			hasScannedForEncodings = 0;
			knownRegions = (
				en,
				Base,
			);
			mainGroup = 48F09CA524C0C9B700200966;
			productRefGroup = 48F09CAF24C0C9B700200966 /* Products */;
			projectDirPath = "";
			projectRoot = "";
			targets = (
				48F09CAD24C0C9B700200966 /* SimpleKata */,
				48F09CC824C0C9B800200966 /* SimpleKataTests */,
				48F09CD324C0C9B800200966 /* SimpleKataUITests */,
			);
		};
/* End PBXProject section */

/* Begin PBXResourcesBuildPhase section */
		48F09CAC24C0C9B700200966 /* Resources */ = {
			isa = PBXResourcesBuildPhase;
			buildActionMask = 2147483647;
			files = (
				0B0EC9D127692AD100698173 /* README.md in Resources */,
				48F09CBE24C0C9B800200966 /* Assets.xcassets in Resources */,
			);
			runOnlyForDeploymentPostprocessing = 0;
		};
		48F09CC724C0C9B800200966 /* Resources */ = {
			isa = PBXResourcesBuildPhase;
			buildActionMask = 2147483647;
			files = (
			);
			runOnlyForDeploymentPostprocessing = 0;
		};
		48F09CD224C0C9B800200966 /* Resources */ = {
			isa = PBXResourcesBuildPhase;
			buildActionMask = 2147483647;
			files = (
			);
			runOnlyForDeploymentPostprocessing = 0;
		};
/* End PBXResourcesBuildPhase section */

/* Begin PBXSourcesBuildPhase section */
		48F09CAA24C0C9B700200966 /* Sources */ = {
			isa = PBXSourcesBuildPhase;
			buildActionMask = 2147483647;
			files = (
				0B0EC9CB2769293300698173 /* SimpleKataApp.swift in Sources */,
				0B0EC9CD276929A000698173 /* SimpleKataView.swift in Sources */,
				0B0EC9CF27692A6F00698173 /* SimpleKataViewController.swift in Sources */,
			);
			runOnlyForDeploymentPostprocessing = 0;
		};
		48F09CC524C0C9B800200966 /* Sources */ = {
			isa = PBXSourcesBuildPhase;
			buildActionMask = 2147483647;
			files = (
				48F09CCE24C0C9B800200966 /* SimpleKataTests.m in Sources */,
			);
			runOnlyForDeploymentPostprocessing = 0;
		};
		48F09CD024C0C9B800200966 /* Sources */ = {
			isa = PBXSourcesBuildPhase;
			buildActionMask = 2147483647;
			files = (
				48F09CD924C0C9B800200966 /* SimpleKataUITests.m in Sources */,
			);
			runOnlyForDeploymentPostprocessing = 0;
		};
/* End PBXSourcesBuildPhase section */

/* Begin PBXTargetDependency section */
		48F09CCB24C0C9B800200966 /* PBXTargetDependency */ = {
			isa = PBXTargetDependency;
			target = 48F09CAD24C0C9B700200966 /* SimpleKata */;
			targetProxy = 48F09CCA24C0C9B800200966 /* PBXContainerItemProxy */;
		};
		48F09CD624C0C9B800200966 /* PBXTargetDependency */ = {
			isa = PBXTargetDependency;
			target = 48F09CAD24C0C9B700200966 /* SimpleKata */;
			targetProxy = 48F09CD524C0C9B800200966 /* PBXContainerItemProxy */;
		};
/* End PBXTargetDependency section */

/* Begin XCBuildConfiguration section */
		48F09CDB24C0C9B800200966 /* Debug */ = {
			isa = XCBuildConfiguration;
			buildSettings = {
				ALWAYS_SEARCH_USER_PATHS = NO;
				CLANG_ANALYZER_NONNULL = YES;
				CLANG_ANALYZER_NUMBER_OBJECT_CONVERSION = YES_AGGRESSIVE;
				CLANG_CXX_LANGUAGE_STANDARD = "gnu++14";
				CLANG_CXX_LIBRARY = "libc++";
				CLANG_ENABLE_MODULES = YES;
				CLANG_ENABLE_OBJC_ARC = YES;
				CLANG_ENABLE_OBJC_WEAK = YES;
				CLANG_WARN_BLOCK_CAPTURE_AUTORELEASING = YES;
				CLANG_WARN_BOOL_CONVERSION = YES;
				CLANG_WARN_COMMA = YES;
				CLANG_WARN_CONSTANT_CONVERSION = YES;
				CLANG_WARN_DEPRECATED_OBJC_IMPLEMENTATIONS = YES;
				CLANG_WARN_DIRECT_OBJC_ISA_USAGE = YES_ERROR;
				CLANG_WARN_DOCUMENTATION_COMMENTS = YES;
				CLANG_WARN_EMPTY_BODY = YES;
				CLANG_WARN_ENUM_CONVERSION = YES;
				CLANG_WARN_INFINITE_RECURSION = YES;
				CLANG_WARN_INT_CONVERSION = YES;
				CLANG_WARN_NON_LITERAL_NULL_CONVERSION = YES;
				CLANG_WARN_OBJC_IMPLICIT_RETAIN_SELF = YES;
				CLANG_WARN_OBJC_LITERAL_CONVERSION = YES;
				CLANG_WARN_OBJC_ROOT_CLASS = YES_ERROR;
				CLANG_WARN_RANGE_LOOP_ANALYSIS = YES;
				CLANG_WARN_STRICT_PROTOTYPES = YES;
				CLANG_WARN_SUSPICIOUS_MOVE = YES;
				CLANG_WARN_UNGUARDED_AVAILABILITY = YES_AGGRESSIVE;
				CLANG_WARN_UNREACHABLE_CODE = YES;
				CLANG_WARN__DUPLICATE_METHOD_MATCH = YES;
				COPY_PHASE_STRIP = NO;
				DEBUG_INFORMATION_FORMAT = dwarf;
				ENABLE_STRICT_OBJC_MSGSEND = YES;
				ENABLE_TESTABILITY = YES;
				GCC_C_LANGUAGE_STANDARD = gnu11;
				GCC_DYNAMIC_NO_PIC = NO;
				GCC_NO_COMMON_BLOCKS = YES;
				GCC_OPTIMIZATION_LEVEL = 0;
				GCC_PREPROCESSOR_DEFINITIONS = (
					"DEBUG=1",
					"$(inherited)",
				);
				GCC_WARN_64_TO_32_BIT_CONVERSION = YES;
				GCC_WARN_ABOUT_RETURN_TYPE = YES_ERROR;
				GCC_WARN_UNDECLARED_SELECTOR = YES;
				GCC_WARN_UNINITIALIZED_AUTOS = YES_AGGRESSIVE;
				GCC_WARN_UNUSED_FUNCTION = YES;
				GCC_WARN_UNUSED_VARIABLE = YES;
				IPHONEOS_DEPLOYMENT_TARGET = 13.6;
				MTL_ENABLE_DEBUG_INFO = INCLUDE_SOURCE;
				MTL_FAST_MATH = YES;
				ONLY_ACTIVE_ARCH = YES;
				SDKROOT = iphoneos;
			};
			name = Debug;
		};
		48F09CDC24C0C9B800200966 /* Release */ = {
			isa = XCBuildConfiguration;
			buildSettings = {
				ALWAYS_SEARCH_USER_PATHS = NO;
				CLANG_ANALYZER_NONNULL = YES;
				CLANG_ANALYZER_NUMBER_OBJECT_CONVERSION = YES_AGGRESSIVE;
				CLANG_CXX_LANGUAGE_STANDARD = "gnu++14";
				CLANG_CXX_LIBRARY = "libc++";
				CLANG_ENABLE_MODULES = YES;
				CLANG_ENABLE_OBJC_ARC = YES;
				CLANG_ENABLE_OBJC_WEAK = YES;
				CLANG_WARN_BLOCK_CAPTURE_AUTORELEASING = YES;
				CLANG_WARN_BOOL_CONVERSION = YES;
				CLANG_WARN_COMMA = YES;
				CLANG_WARN_CONSTANT_CONVERSION = YES;
				CLANG_WARN_DEPRECATED_OBJC_IMPLEMENTATIONS = YES;
				CLANG_WARN_DIRECT_OBJC_ISA_USAGE = YES_ERROR;
				CLANG_WARN_DOCUMENTATION_COMMENTS = YES;
				CLANG_WARN_EMPTY_BODY = YES;
				CLANG_WARN_ENUM_CONVERSION = YES;
				CLANG_WARN_INFINITE_RECURSION = YES;
				CLANG_WARN_INT_CONVERSION = YES;
				CLANG_WARN_NON_LITERAL_NULL_CONVERSION = YES;
				CLANG_WARN_OBJC_IMPLICIT_RETAIN_SELF = YES;
				CLANG_WARN_OBJC_LITERAL_CONVERSION = YES;
				CLANG_WARN_OBJC_ROOT_CLASS = YES_ERROR;
				CLANG_WARN_RANGE_LOOP_ANALYSIS = YES;
				CLANG_WARN_STRICT_PROTOTYPES = YES;
				CLANG_WARN_SUSPICIOUS_MOVE = YES;
				CLANG_WARN_UNGUARDED_AVAILABILITY = YES_AGGRESSIVE;
				CLANG_WARN_UNREACHABLE_CODE = YES;
				CLANG_WARN__DUPLICATE_METHOD_MATCH = YES;
				COPY_PHASE_STRIP = NO;
				DEBUG_INFORMATION_FORMAT = "dwarf-with-dsym";
				ENABLE_NS_ASSERTIONS = NO;
				ENABLE_STRICT_OBJC_MSGSEND = YES;
				GCC_C_LANGUAGE_STANDARD = gnu11;
				GCC_NO_COMMON_BLOCKS = YES;
				GCC_WARN_64_TO_32_BIT_CONVERSION = YES;
				GCC_WARN_ABOUT_RETURN_TYPE = YES_ERROR;
				GCC_WARN_UNDECLARED_SELECTOR = YES;
				GCC_WARN_UNINITIALIZED_AUTOS = YES_AGGRESSIVE;
				GCC_WARN_UNUSED_FUNCTION = YES;
				GCC_WARN_UNUSED_VARIABLE = YES;
				IPHONEOS_DEPLOYMENT_TARGET = 13.6;
				MTL_ENABLE_DEBUG_INFO = NO;
				MTL_FAST_MATH = YES;
				SDKROOT = iphoneos;
				VALIDATE_PRODUCT = YES;
			};
			name = Release;
		};
		48F09CDE24C0C9B800200966 /* Debug */ = {
			isa = XCBuildConfiguration;
			buildSettings = {
				ASSETCATALOG_COMPILER_APPICON_NAME = AppIcon;
				CLANG_ENABLE_MODULES = YES;
				CODE_SIGN_STYLE = Automatic;
				DEVELOPMENT_TEAM = VY2QQ3MJBD;
				INFOPLIST_FILE = SimpleKata/Info.plist;
				IPHONEOS_DEPLOYMENT_TARGET = 14.1;
				LD_RUNPATH_SEARCH_PATHS = (
					"$(inherited)",
					"@executable_path/Frameworks",
				);
				PRODUCT_BUNDLE_IDENTIFIER = com.zschro.SimpleKata;
				PRODUCT_NAME = "$(TARGET_NAME)";
				SWIFT_OPTIMIZATION_LEVEL = "-Onone";
				SWIFT_VERSION = 5.0;
				TARGETED_DEVICE_FAMILY = "1,2";
			};
			name = Debug;
		};
		48F09CDF24C0C9B800200966 /* Release */ = {
			isa = XCBuildConfiguration;
			buildSettings = {
				ASSETCATALOG_COMPILER_APPICON_NAME = AppIcon;
				CLANG_ENABLE_MODULES = YES;
				CODE_SIGN_STYLE = Automatic;
				DEVELOPMENT_TEAM = VY2QQ3MJBD;
				INFOPLIST_FILE = SimpleKata/Info.plist;
				IPHONEOS_DEPLOYMENT_TARGET = 14.1;
				LD_RUNPATH_SEARCH_PATHS = (
					"$(inherited)",
					"@executable_path/Frameworks",
				);
				PRODUCT_BUNDLE_IDENTIFIER = com.zschro.SimpleKata;
				PRODUCT_NAME = "$(TARGET_NAME)";
				SWIFT_VERSION = 5.0;
				TARGETED_DEVICE_FAMILY = "1,2";
			};
			name = Release;
		};
		48F09CE124C0C9B800200966 /* Debug */ = {
			isa = XCBuildConfiguration;
			buildSettings = {
				ALWAYS_EMBED_SWIFT_STANDARD_LIBRARIES = YES;
				BUNDLE_LOADER = "$(TEST_HOST)";
				CODE_SIGN_STYLE = Automatic;
				DEVELOPMENT_TEAM = VY2QQ3MJBD;
				INFOPLIST_FILE = SimpleKataTests/Info.plist;
				IPHONEOS_DEPLOYMENT_TARGET = 13.6;
				LD_RUNPATH_SEARCH_PATHS = (
					"$(inherited)",
					"@executable_path/Frameworks",
					"@loader_path/Frameworks",
				);
				PRODUCT_BUNDLE_IDENTIFIER = com.zschro.SimpleKataTests;
				PRODUCT_NAME = "$(TARGET_NAME)";
				TARGETED_DEVICE_FAMILY = "1,2";
				TEST_HOST = "$(BUILT_PRODUCTS_DIR)/SimpleKata.app/SimpleKata";
			};
			name = Debug;
		};
		48F09CE224C0C9B800200966 /* Release */ = {
			isa = XCBuildConfiguration;
			buildSettings = {
				ALWAYS_EMBED_SWIFT_STANDARD_LIBRARIES = YES;
				BUNDLE_LOADER = "$(TEST_HOST)";
				CODE_SIGN_STYLE = Automatic;
				DEVELOPMENT_TEAM = VY2QQ3MJBD;
				INFOPLIST_FILE = SimpleKataTests/Info.plist;
				IPHONEOS_DEPLOYMENT_TARGET = 13.6;
				LD_RUNPATH_SEARCH_PATHS = (
					"$(inherited)",
					"@executable_path/Frameworks",
					"@loader_path/Frameworks",
				);
				PRODUCT_BUNDLE_IDENTIFIER = com.zschro.SimpleKataTests;
				PRODUCT_NAME = "$(TARGET_NAME)";
				TARGETED_DEVICE_FAMILY = "1,2";
				TEST_HOST = "$(BUILT_PRODUCTS_DIR)/SimpleKata.app/SimpleKata";
			};
			name = Release;
		};
		48F09CE424C0C9B800200966 /* Debug */ = {
			isa = XCBuildConfiguration;
			buildSettings = {
				ALWAYS_EMBED_SWIFT_STANDARD_LIBRARIES = YES;
				CODE_SIGN_STYLE = Automatic;
				DEVELOPMENT_TEAM = VY2QQ3MJBD;
				INFOPLIST_FILE = SimpleKataUITests/Info.plist;
				LD_RUNPATH_SEARCH_PATHS = (
					"$(inherited)",
					"@executable_path/Frameworks",
					"@loader_path/Frameworks",
				);
				PRODUCT_BUNDLE_IDENTIFIER = com.zschro.SimpleKataUITests;
				PRODUCT_NAME = "$(TARGET_NAME)";
				TARGETED_DEVICE_FAMILY = "1,2";
				TEST_TARGET_NAME = SimpleKata;
			};
			name = Debug;
		};
		48F09CE524C0C9B800200966 /* Release */ = {
			isa = XCBuildConfiguration;
			buildSettings = {
				ALWAYS_EMBED_SWIFT_STANDARD_LIBRARIES = YES;
				CODE_SIGN_STYLE = Automatic;
				DEVELOPMENT_TEAM = VY2QQ3MJBD;
				INFOPLIST_FILE = SimpleKataUITests/Info.plist;
				LD_RUNPATH_SEARCH_PATHS = (
					"$(inherited)",
					"@executable_path/Frameworks",
					"@loader_path/Frameworks",
				);
				PRODUCT_BUNDLE_IDENTIFIER = com.zschro.SimpleKataUITests;
				PRODUCT_NAME = "$(TARGET_NAME)";
				TARGETED_DEVICE_FAMILY = "1,2";
				TEST_TARGET_NAME = SimpleKata;
			};
			name = Release;
		};
/* End XCBuildConfiguration section */

/* Begin XCConfigurationList section */
		48F09CA924C0C9B700200966 /* Build configuration list for PBXProject "SimpleKata" */ = {
			isa = XCConfigurationList;
			buildConfigurations = (
				48F09CDB24C0C9B800200966 /* Debug */,
				48F09CDC24C0C9B800200966 /* Release */,
			);
			defaultConfigurationIsVisible = 0;
			defaultConfigurationName = Release;
		};
		48F09CDD24C0C9B800200966 /* Build configuration list for PBXNativeTarget "SimpleKata" */ = {
			isa = XCConfigurationList;
			buildConfigurations = (
				48F09CDE24C0C9B800200966 /* Debug */,
				48F09CDF24C0C9B800200966 /* Release */,
			);
			defaultConfigurationIsVisible = 0;
			defaultConfigurationName = Release;
		};
		48F09CE024C0C9B800200966 /* Build configuration list for PBXNativeTarget "SimpleKataTests" */ = {
			isa = XCConfigurationList;
			buildConfigurations = (
				48F09CE124C0C9B800200966 /* Debug */,
				48F09CE224C0C9B800200966 /* Release */,
			);
			defaultConfigurationIsVisible = 0;
			defaultConfigurationName = Release;
		};
		48F09CE324C0C9B800200966 /* Build configuration list for PBXNativeTarget "SimpleKataUITests" */ = {
			isa = XCConfigurationList;
			buildConfigurations = (
				48F09CE424C0C9B800200966 /* Debug */,
				48F09CE524C0C9B800200966 /* Release */,
			);
			defaultConfigurationIsVisible = 0;
			defaultConfigurationName = Release;
		};
/* End XCConfigurationList section */
	};
	rootObject = 48F09CA624C0C9B700200966 /* Project object */;
}
